
Microsoft Visual Studio Solution File, Format Version 12.00
# Visual Studio 15
VisualStudioVersion = 15.0.27130.2010
MinimumVisualStudioVersion = 10.0.40219.1
Project("{2150E333-8FDC-42A3-9474-1A3956D46DE8}") = "src", "src", "{6BDE1B18-C7CF-459B-9B75-2A59FE49E277}"
EndProject
Project("{2150E333-8FDC-42A3-9474-1A3956D46DE8}") = "test", "test", "{45550FC6-039D-41CC-A8BC-1E312CEB8AAF}"
EndProject
Project("{FAE04EC0-301F-11D3-BF4B-00C04F79EFBC}") = "CardCenter", "src\CardCenter\CardCenter.csproj", "{714EBDAF-3DE5-4191-B60C-A865D2BED75E}"
EndProject
Project("{FAE04EC0-301F-11D3-BF4B-00C04F79EFBC}") = "CardCenterManagement", "src\CardCenterManagement\CardCenterManagement.csproj", "{DC807148-C19D-4A32-84EE-7DFA2CF749A2}"
EndProject
Project("{2150E333-8FDC-42A3-9474-1A3956D46DE8}") = "dependent", "dependent", "{AA50E915-272E-4E6A-A7FC-F53CCA5A20F2}"
EndProject
Project("{FAE04EC0-301F-11D3-BF4B-00C04F79EFBC}") = "CardCenter.Entity", "dependent\CardCenter.Entity\CardCenter.Entity.csproj", "{FDA012D2-CACC-4BF5-B4F1-A85611C879AD}"
EndProject
Project("{FAE04EC0-301F-11D3-BF4B-00C04F79EFBC}") = "CardCenter.PageBase", "dependent\CardCenter.PageBase\CardCenter.PageBase.csproj", "{31A3ABD9-1D29-47F1-A3B2-17D25DB513DA}"
EndProject
Project("{FAE04EC0-301F-11D3-BF4B-00C04F79EFBC}") = "CardCenter.DataAccess", "dependent\CardCenter.DataAccess\CardCenter.DataAccess.csproj", "{0D62F48E-FA6A-4B82-B528-67331B58FDE7}"
EndProject
Project("{FAE04EC0-301F-11D3-BF4B-00C04F79EFBC}") = "CardCenter.CommercialAffairsOracleDataAccess", "dependent\CardCenter.CommercialAffairsOracleDataAccess\CardCenter.CommercialAffairsOracleDataAccess.csproj", "{35253B66-7F12-4AF8-9189-7C2ED6DCA6D9}"
EndProject
Project("{FAE04EC0-301F-11D3-BF4B-00C04F79EFBC}") = "CardCenter.Service", "dependent\CardCenter.Service\CardCenter.Service.csproj", "{221C8F71-B70B-4055-8EFA-EF4C06547862}"
EndProject
Project("{FAE04EC0-301F-11D3-BF4B-00C04F79EFBC}") = "SMSTest", "test\SMSTest\SMSTest.csproj", "{4F6DB5F0-7149-4E16-82D1-A3BF300ACE2C}"
EndProject
Project("{FAE04EC0-301F-11D3-BF4B-00C04F79EFBC}") = "OracleTest", "OracleTest\OracleTest.csproj", "{1C0566C9-98D5-4BC0-93AE-52ABAFC90850}"
EndProject
Project("{FAE04EC0-301F-11D3-BF4B-00C04F79EFBC}") = "AutoTask", "src\AutoTask\AutoTask.csproj", "{6AC595E2-5F96-4ED4-B682-27E8010F7829}"
EndProject
Global
	GlobalSection(SolutionConfigurationPlatforms) = preSolution
		Debug|Any CPU = Debug|Any CPU
		Release|Any CPU = Release|Any CPU
	EndGlobalSection
	GlobalSection(ProjectConfigurationPlatforms) = postSolution
		{714EBDAF-3DE5-4191-B60C-A865D2BED75E}.Debug|Any CPU.ActiveCfg = Debug|Any CPU
		{714EBDAF-3DE5-4191-B60C-A865D2BED75E}.Debug|Any CPU.Build.0 = Debug|Any CPU
		{714EBDAF-3DE5-4191-B60C-A865D2BED75E}.Release|Any CPU.ActiveCfg = Release|Any CPU
		{714EBDAF-3DE5-4191-B60C-A865D2BED75E}.Release|Any CPU.Build.0 = Release|Any CPU
		{DC807148-C19D-4A32-84EE-7DFA2CF749A2}.Debug|Any CPU.ActiveCfg = Debug|Any CPU
		{DC807148-C19D-4A32-84EE-7DFA2CF749A2}.Debug|Any CPU.Build.0 = Debug|Any CPU
		{DC807148-C19D-4A32-84EE-7DFA2CF749A2}.Release|Any CPU.ActiveCfg = Release|Any CPU
		{DC807148-C19D-4A32-84EE-7DFA2CF749A2}.Release|Any CPU.Build.0 = Release|Any CPU
		{FDA012D2-CACC-4BF5-B4F1-A85611C879AD}.Debug|Any CPU.ActiveCfg = Debug|Any CPU
		{FDA012D2-CACC-4BF5-B4F1-A85611C879AD}.Debug|Any CPU.Build.0 = Debug|Any CPU
		{FDA012D2-CACC-4BF5-B4F1-A85611C879AD}.Release|Any CPU.ActiveCfg = Release|Any CPU
		{FDA012D2-CACC-4BF5-B4F1-A85611C879AD}.Release|Any CPU.Build.0 = Release|Any CPU
		{31A3ABD9-1D29-47F1-A3B2-17D25DB513DA}.Debug|Any CPU.ActiveCfg = Debug|Any CPU
		{31A3ABD9-1D29-47F1-A3B2-17D25DB513DA}.Debug|Any CPU.Build.0 = Debug|Any CPU
		{31A3ABD9-1D29-47F1-A3B2-17D25DB513DA}.Release|Any CPU.ActiveCfg = Release|Any CPU
		{31A3ABD9-1D29-47F1-A3B2-17D25DB513DA}.Release|Any CPU.Build.0 = Release|Any CPU
		{0D62F48E-FA6A-4B82-B528-67331B58FDE7}.Debug|Any CPU.ActiveCfg = Debug|Any CPU
		{0D62F48E-FA6A-4B82-B528-67331B58FDE7}.Debug|Any CPU.Build.0 = Debug|Any CPU
		{0D62F48E-FA6A-4B82-B528-67331B58FDE7}.Release|Any CPU.ActiveCfg = Release|Any CPU
		{0D62F48E-FA6A-4B82-B528-67331B58FDE7}.Release|Any CPU.Build.0 = Release|Any CPU
		{35253B66-7F12-4AF8-9189-7C2ED6DCA6D9}.Debug|Any CPU.ActiveCfg = Debug|Any CPU
		{35253B66-7F12-4AF8-9189-7C2ED6DCA6D9}.Debug|Any CPU.Build.0 = Debug|Any CPU
		{35253B66-7F12-4AF8-9189-7C2ED6DCA6D9}.Release|Any CPU.ActiveCfg = Release|Any CPU
		{35253B66-7F12-4AF8-9189-7C2ED6DCA6D9}.Release|Any CPU.Build.0 = Release|Any CPU
		{221C8F71-B70B-4055-8EFA-EF4C06547862}.Debug|Any CPU.ActiveCfg = Debug|Any CPU
		{221C8F71-B70B-4055-8EFA-EF4C06547862}.Debug|Any CPU.Build.0 = Debug|Any CPU
		{221C8F71-B70B-4055-8EFA-EF4C06547862}.Release|Any CPU.ActiveCfg = Release|Any CPU
		{221C8F71-B70B-4055-8EFA-EF4C06547862}.Release|Any CPU.Build.0 = Release|Any CPU
		{4F6DB5F0-7149-4E16-82D1-A3BF300ACE2C}.Debug|Any CPU.ActiveCfg = Debug|Any CPU
		{4F6DB5F0-7149-4E16-82D1-A3BF300ACE2C}.Debug|Any CPU.Build.0 = Debug|Any CPU
		{4F6DB5F0-7149-4E16-82D1-A3BF300ACE2C}.Release|Any CPU.ActiveCfg = Release|Any CPU
		{4F6DB5F0-7149-4E16-82D1-A3BF300ACE2C}.Release|Any CPU.Build.0 = Release|Any CPU
		{1C0566C9-98D5-4BC0-93AE-52ABAFC90850}.Debug|Any CPU.ActiveCfg = Debug|Any CPU
		{1C0566C9-98D5-4BC0-93AE-52ABAFC90850}.Debug|Any CPU.Build.0 = Debug|Any CPU
		{1C0566C9-98D5-4BC0-93AE-52ABAFC90850}.Release|Any CPU.ActiveCfg = Release|Any CPU
		{1C0566C9-98D5-4BC0-93AE-52ABAFC90850}.Release|Any CPU.Build.0 = Release|Any CPU
		{6AC595E2-5F96-4ED4-B682-27E8010F7829}.Debug|Any CPU.ActiveCfg = Debug|Any CPU
		{6AC595E2-5F96-4ED4-B682-27E8010F7829}.Debug|Any CPU.Build.0 = Debug|Any CPU
		{6AC595E2-5F96-4ED4-B682-27E8010F7829}.Release|Any CPU.ActiveCfg = Release|Any CPU
		{6AC595E2-5F96-4ED4-B682-27E8010F7829}.Release|Any CPU.Build.0 = Release|Any CPU
	EndGlobalSection
	GlobalSection(SolutionProperties) = preSolution
		HideSolutionNode = FALSE
	EndGlobalSection
	GlobalSection(NestedProjects) = preSolution
		{714EBDAF-3DE5-4191-B60C-A865D2BED75E} = {6BDE1B18-C7CF-459B-9B75-2A59FE49E277}
		{DC807148-C19D-4A32-84EE-7DFA2CF749A2} = {6BDE1B18-C7CF-459B-9B75-2A59FE49E277}
		{FDA012D2-CACC-4BF5-B4F1-A85611C879AD} = {AA50E915-272E-4E6A-A7FC-F53CCA5A20F2}
		{31A3ABD9-1D29-47F1-A3B2-17D25DB513DA} = {AA50E915-272E-4E6A-A7FC-F53CCA5A20F2}
		{0D62F48E-FA6A-4B82-B528-67331B58FDE7} = {AA50E915-272E-4E6A-A7FC-F53CCA5A20F2}
		{35253B66-7F12-4AF8-9189-7C2ED6DCA6D9} = {AA50E915-272E-4E6A-A7FC-F53CCA5A20F2}
		{221C8F71-B70B-4055-8EFA-EF4C06547862} = {AA50E915-272E-4E6A-A7FC-F53CCA5A20F2}
		{4F6DB5F0-7149-4E16-82D1-A3BF300ACE2C} = {45550FC6-039D-41CC-A8BC-1E312CEB8AAF}
		{1C0566C9-98D5-4BC0-93AE-52ABAFC90850} = {45550FC6-039D-41CC-A8BC-1E312CEB8AAF}
		{6AC595E2-5F96-4ED4-B682-27E8010F7829} = {6BDE1B18-C7CF-459B-9B75-2A59FE49E277}
	EndGlobalSection
	GlobalSection(ExtensibilityGlobals) = postSolution
		SolutionGuid = {CD6600F5-8D3C-47E3-8A38-4AC806DD9DC8}
	EndGlobalSection
EndGlobal
